
Microsoft Visual Studio Solution File, Format Version 12.00
# Visual Studio 15
VisualStudioVersion = 15.0.28307.271
MinimumVisualStudioVersion = 10.0.40219.1
Project("{FAE04EC0-301F-11D3-BF4B-00C04F79EFBC}") = "ProblemSolving", "ProblemSolving\ProblemSolving.csproj", "{0CD1E200-04AD-4838-92A3-4D219A896D4E}"
EndProject
Global
	GlobalSection(SolutionConfigurationPlatforms) = preSolution
		Debug|Any CPU = Debug|Any CPU
		Release|Any CPU = Release|Any CPU
	EndGlobalSection
	GlobalSection(ProjectConfigurationPlatforms) = postSolution
		{0CD1E200-04AD-4838-92A3-4D219A896D4E}.Debug|Any CPU.ActiveCfg = Debug|Any CPU
		{0CD1E200-04AD-4838-92A3-4D219A896D4E}.Debug|Any CPU.Build.0 = Debug|Any CPU
		{0CD1E200-04AD-4838-92A3-4D219A896D4E}.Release|Any CPU.ActiveCfg = Release|Any CPU
		{0CD1E200-04AD-4838-92A3-4D219A896D4E}.Release|Any CPU.Build.0 = Release|Any CPU
	EndGlobalSection
	GlobalSection(SolutionProperties) = preSolution
		HideSolutionNode = FALSE
	EndGlobalSection
	GlobalSection(ExtensibilityGlobals) = postSolution
		SolutionGuid = {A366A022-B3D2-4028-B22A-35BEACA55CBF}
	EndGlobalSection
EndGlobal
